
Microsoft Visual Studio Solution File, Format Version 12.00
# Visual Studio 15
VisualStudioVersion = 15.0.28010.2041
MinimumVisualStudioVersion = 10.0.40219.1
Project("{FAE04EC0-301F-11D3-BF4B-00C04F79EFBC}") = "Framework.Dynamic", "Framework.Dynamic\Framework.Dynamic.csproj", "{BFAD8109-4E61-40D9-96AF-123C5C0007AD}"
EndProject
Global
	GlobalSection(SolutionConfigurationPlatforms) = preSolution
		Debug|Any CPU = Debug|Any CPU
		Release|Any CPU = Release|Any CPU
	EndGlobalSection
	GlobalSection(ProjectConfigurationPlatforms) = postSolution
		{BFAD8109-4E61-40D9-96AF-123C5C0007AD}.Debug|Any CPU.ActiveCfg = Debug|Any CPU
		{BFAD8109-4E61-40D9-96AF-123C5C0007AD}.Debug|Any CPU.Build.0 = Debug|Any CPU
		{BFAD8109-4E61-40D9-96AF-123C5C0007AD}.Release|Any CPU.ActiveCfg = Release|Any CPU
		{BFAD8109-4E61-40D9-96AF-123C5C0007AD}.Release|Any CPU.Build.0 = Release|Any CPU
	EndGlobalSection
	GlobalSection(SolutionProperties) = preSolution
		HideSolutionNode = FALSE
	EndGlobalSection
	GlobalSection(ExtensibilityGlobals) = postSolution
		SolutionGuid = {F5A3A27A-E404-435B-A7BD-A27F91C6F18A}
	EndGlobalSection
EndGlobal
